
Microsoft Visual Studio Solution File, Format Version 12.00
# Visual Studio Version 17
VisualStudioVersion = 17.9.34728.123
MinimumVisualStudioVersion = 10.0.40219.1
Project("{FAE04EC0-301F-11D3-BF4B-00C04F79EFBC}") = "ElasticsearchDemo", "ElasticsearchDemo\ElasticsearchDemo.csproj", "{01431BA9-1FBE-4BBC-AC7C-57589B39F65F}"
EndProject
Project("{E53339B2-1760-4266-BCC7-CA923CBCF16C}") = "docker-compose", "docker-compose.dcproj", "{65E2CE8A-C4F7-42B2-9B0B-DE68AF2D1F04}"
EndProject
Global
	GlobalSection(SolutionConfigurationPlatforms) = preSolution
		Debug|Any CPU = Debug|Any CPU
		Release|Any CPU = Release|Any CPU
	EndGlobalSection
	GlobalSection(ProjectConfigurationPlatforms) = postSolution
		{01431BA9-1FBE-4BBC-AC7C-57589B39F65F}.Debug|Any CPU.ActiveCfg = Debug|Any CPU
		{01431BA9-1FBE-4BBC-AC7C-57589B39F65F}.Debug|Any CPU.Build.0 = Debug|Any CPU
		{01431BA9-1FBE-4BBC-AC7C-57589B39F65F}.Release|Any CPU.ActiveCfg = Release|Any CPU
		{01431BA9-1FBE-4BBC-AC7C-57589B39F65F}.Release|Any CPU.Build.0 = Release|Any CPU
		{65E2CE8A-C4F7-42B2-9B0B-DE68AF2D1F04}.Debug|Any CPU.ActiveCfg = Debug|Any CPU
		{65E2CE8A-C4F7-42B2-9B0B-DE68AF2D1F04}.Debug|Any CPU.Build.0 = Debug|Any CPU
		{65E2CE8A-C4F7-42B2-9B0B-DE68AF2D1F04}.Release|Any CPU.ActiveCfg = Release|Any CPU
		{65E2CE8A-C4F7-42B2-9B0B-DE68AF2D1F04}.Release|Any CPU.Build.0 = Release|Any CPU
	EndGlobalSection
	GlobalSection(SolutionProperties) = preSolution
		HideSolutionNode = FALSE
	EndGlobalSection
	GlobalSection(ExtensibilityGlobals) = postSolution
		SolutionGuid = {D1FC2878-6284-491E-B54A-592A0FB3C216}
	EndGlobalSection
EndGlobal
